
Microsoft Visual Studio Solution File, Format Version 12.00
# Visual Studio 15
VisualStudioVersion = 15.0.27004.2006
MinimumVisualStudioVersion = 10.0.40219.1
Project("{FAE04EC0-301F-11D3-BF4B-00C04F79EFBC}") = "ImpuestoRenta", "ImpuestoRenta\ImpuestoRenta.csproj", "{DD989952-198C-4A4C-83FD-8175C7551D3F}"
EndProject
Project("{FAE04EC0-301F-11D3-BF4B-00C04F79EFBC}") = "UnitTestSueldoAnual", "UnitTestSueldoAnual\UnitTestSueldoAnual.csproj", "{A27557E5-BF0C-4AB5-907D-FC5A8EF8F007}"
EndProject
Global
	GlobalSection(SolutionConfigurationPlatforms) = preSolution
		Debug|Any CPU = Debug|Any CPU
		Release|Any CPU = Release|Any CPU
	EndGlobalSection
	GlobalSection(ProjectConfigurationPlatforms) = postSolution
		{DD989952-198C-4A4C-83FD-8175C7551D3F}.Debug|Any CPU.ActiveCfg = Debug|Any CPU
		{DD989952-198C-4A4C-83FD-8175C7551D3F}.Debug|Any CPU.Build.0 = Debug|Any CPU
		{DD989952-198C-4A4C-83FD-8175C7551D3F}.Release|Any CPU.ActiveCfg = Release|Any CPU
		{DD989952-198C-4A4C-83FD-8175C7551D3F}.Release|Any CPU.Build.0 = Release|Any CPU
		{A27557E5-BF0C-4AB5-907D-FC5A8EF8F007}.Debug|Any CPU.ActiveCfg = Debug|Any CPU
		{A27557E5-BF0C-4AB5-907D-FC5A8EF8F007}.Debug|Any CPU.Build.0 = Debug|Any CPU
		{A27557E5-BF0C-4AB5-907D-FC5A8EF8F007}.Release|Any CPU.ActiveCfg = Release|Any CPU
		{A27557E5-BF0C-4AB5-907D-FC5A8EF8F007}.Release|Any CPU.Build.0 = Release|Any CPU
	EndGlobalSection
	GlobalSection(SolutionProperties) = preSolution
		HideSolutionNode = FALSE
	EndGlobalSection
	GlobalSection(ExtensibilityGlobals) = postSolution
		SolutionGuid = {865729B2-F6CF-4A99-BC68-77BBEBA916EE}
	EndGlobalSection
EndGlobal
