
Microsoft Visual Studio Solution File, Format Version 12.00
# Visual Studio 15
VisualStudioVersion = 15.0.27004.2005
MinimumVisualStudioVersion = 10.0.40219.1
Project("{FAE04EC0-301F-11D3-BF4B-00C04F79EFBC}") = "PruebaSuma", "PruebaSuma\PruebaSuma.csproj", "{EEF3CDE7-6636-4B6B-A751-B60526643815}"
EndProject
Project("{FAE04EC0-301F-11D3-BF4B-00C04F79EFBC}") = "SumaAppPrueba", "SumaAppPrueba\SumaAppPrueba.csproj", "{13311539-2AE6-4FE1-A29F-D482F3AA3427}"
EndProject
Global
	GlobalSection(SolutionConfigurationPlatforms) = preSolution
		Debug|Any CPU = Debug|Any CPU
		Debug|ARM = Debug|ARM
		Debug|x64 = Debug|x64
		Debug|x86 = Debug|x86
		Release|Any CPU = Release|Any CPU
		Release|ARM = Release|ARM
		Release|x64 = Release|x64
		Release|x86 = Release|x86
	EndGlobalSection
	GlobalSection(ProjectConfigurationPlatforms) = postSolution
		{EEF3CDE7-6636-4B6B-A751-B60526643815}.Debug|Any CPU.ActiveCfg = Debug|Any CPU
		{EEF3CDE7-6636-4B6B-A751-B60526643815}.Debug|Any CPU.Build.0 = Debug|Any CPU
		{EEF3CDE7-6636-4B6B-A751-B60526643815}.Debug|ARM.ActiveCfg = Debug|Any CPU
		{EEF3CDE7-6636-4B6B-A751-B60526643815}.Debug|ARM.Build.0 = Debug|Any CPU
		{EEF3CDE7-6636-4B6B-A751-B60526643815}.Debug|x64.ActiveCfg = Debug|Any CPU
		{EEF3CDE7-6636-4B6B-A751-B60526643815}.Debug|x64.Build.0 = Debug|Any CPU
		{EEF3CDE7-6636-4B6B-A751-B60526643815}.Debug|x86.ActiveCfg = Debug|Any CPU
		{EEF3CDE7-6636-4B6B-A751-B60526643815}.Debug|x86.Build.0 = Debug|Any CPU
		{EEF3CDE7-6636-4B6B-A751-B60526643815}.Release|Any CPU.ActiveCfg = Release|Any CPU
		{EEF3CDE7-6636-4B6B-A751-B60526643815}.Release|Any CPU.Build.0 = Release|Any CPU
		{EEF3CDE7-6636-4B6B-A751-B60526643815}.Release|ARM.ActiveCfg = Release|Any CPU
		{EEF3CDE7-6636-4B6B-A751-B60526643815}.Release|ARM.Build.0 = Release|Any CPU
		{EEF3CDE7-6636-4B6B-A751-B60526643815}.Release|x64.ActiveCfg = Release|Any CPU
		{EEF3CDE7-6636-4B6B-A751-B60526643815}.Release|x64.Build.0 = Release|Any CPU
		{EEF3CDE7-6636-4B6B-A751-B60526643815}.Release|x86.ActiveCfg = Release|Any CPU
		{EEF3CDE7-6636-4B6B-A751-B60526643815}.Release|x86.Build.0 = Release|Any CPU
		{13311539-2AE6-4FE1-A29F-D482F3AA3427}.Debug|Any CPU.ActiveCfg = Debug|Any CPU
		{13311539-2AE6-4FE1-A29F-D482F3AA3427}.Debug|Any CPU.Build.0 = Debug|Any CPU
		{13311539-2AE6-4FE1-A29F-D482F3AA3427}.Debug|ARM.ActiveCfg = Debug|Any CPU
		{13311539-2AE6-4FE1-A29F-D482F3AA3427}.Debug|ARM.Build.0 = Debug|Any CPU
		{13311539-2AE6-4FE1-A29F-D482F3AA3427}.Debug|x64.ActiveCfg = Debug|Any CPU
		{13311539-2AE6-4FE1-A29F-D482F3AA3427}.Debug|x64.Build.0 = Debug|Any CPU
		{13311539-2AE6-4FE1-A29F-D482F3AA3427}.Debug|x86.ActiveCfg = Debug|Any CPU
		{13311539-2AE6-4FE1-A29F-D482F3AA3427}.Debug|x86.Build.0 = Debug|Any CPU
		{13311539-2AE6-4FE1-A29F-D482F3AA3427}.Release|Any CPU.ActiveCfg = Release|Any CPU
		{13311539-2AE6-4FE1-A29F-D482F3AA3427}.Release|Any CPU.Build.0 = Release|Any CPU
		{13311539-2AE6-4FE1-A29F-D482F3AA3427}.Release|ARM.ActiveCfg = Release|Any CPU
		{13311539-2AE6-4FE1-A29F-D482F3AA3427}.Release|ARM.Build.0 = Release|Any CPU
		{13311539-2AE6-4FE1-A29F-D482F3AA3427}.Release|x64.ActiveCfg = Release|Any CPU
		{13311539-2AE6-4FE1-A29F-D482F3AA3427}.Release|x64.Build.0 = Release|Any CPU
		{13311539-2AE6-4FE1-A29F-D482F3AA3427}.Release|x86.ActiveCfg = Release|Any CPU
		{13311539-2AE6-4FE1-A29F-D482F3AA3427}.Release|x86.Build.0 = Release|Any CPU
	EndGlobalSection
	GlobalSection(SolutionProperties) = preSolution
		HideSolutionNode = FALSE
	EndGlobalSection
	GlobalSection(ExtensibilityGlobals) = postSolution
		SolutionGuid = {565814F6-300B-46B5-8F21-434E58E16623}
	EndGlobalSection
EndGlobal
